// !$*UTF8*$!
{
	archiveVersion = 1;
	classes = {
	};
	objectVersion = 46;
	objects = {

/* Begin PBXBuildFile section */
		18881AA570581469762D5F15 /* Pods_DevChat2Tests.framework in Frameworks */ = {isa = PBXBuildFile; fileRef = 4EA755109DDAE2BF9534ACE2 /* Pods_DevChat2Tests.framework */; };
		4780A5D3D9D5E1718775E24B /* Pods_DevChat2.framework in Frameworks */ = {isa = PBXBuildFile; fileRef = A7B0C358733775622C676E7E /* Pods_DevChat2.framework */; };
		89D009261E1AD716007E0627 /* AppDelegate.swift in Sources */ = {isa = PBXBuildFile; fileRef = 89D009251E1AD716007E0627 /* AppDelegate.swift */; };
		89D009281E1AD716007E0627 /* ViewController.swift in Sources */ = {isa = PBXBuildFile; fileRef = 89D009271E1AD716007E0627 /* ViewController.swift */; };
		89D0092B1E1AD716007E0627 /* Main.storyboard in Resources */ = {isa = PBXBuildFile; fileRef = 89D009291E1AD716007E0627 /* Main.storyboard */; };
		89D0092D1E1AD716007E0627 /* Assets.xcassets in Resources */ = {isa = PBXBuildFile; fileRef = 89D0092C1E1AD716007E0627 /* Assets.xcassets */; };
		89D009301E1AD716007E0627 /* LaunchScreen.storyboard in Resources */ = {isa = PBXBuildFile; fileRef = 89D0092E1E1AD716007E0627 /* LaunchScreen.storyboard */; };
		89D0093B1E1AD716007E0627 /* DevChat2Tests.swift in Sources */ = {isa = PBXBuildFile; fileRef = 89D0093A1E1AD716007E0627 /* DevChat2Tests.swift */; };
		89D009461E1AD716007E0627 /* DevChat2UITests.swift in Sources */ = {isa = PBXBuildFile; fileRef = 89D009451E1AD716007E0627 /* DevChat2UITests.swift */; };
		89D009571E1AD75B007E0627 /* CameraVCDelegate.swift in Sources */ = {isa = PBXBuildFile; fileRef = 89D009561E1AD75B007E0627 /* CameraVCDelegate.swift */; };
		89D009591E1AD76E007E0627 /* CameraVC.swift in Sources */ = {isa = PBXBuildFile; fileRef = 89D009581E1AD76E007E0627 /* CameraVC.swift */; };
		89D0095B1E1AD782007E0627 /* CameraViewController.swift in Sources */ = {isa = PBXBuildFile; fileRef = 89D0095A1E1AD782007E0627 /* CameraViewController.swift */; };
		89D0095D1E1AD7A0007E0627 /* PreviewView.swift in Sources */ = {isa = PBXBuildFile; fileRef = 89D0095C1E1AD7A0007E0627 /* PreviewView.swift */; };
		89D0095F1E1AD7AF007E0627 /* RoundTextField.swift in Sources */ = {isa = PBXBuildFile; fileRef = 89D0095E1E1AD7AF007E0627 /* RoundTextField.swift */; };
		89D009611E1AD86A007E0627 /* PhotoCaptureDelegate.swift in Sources */ = {isa = PBXBuildFile; fileRef = 89D009601E1AD86A007E0627 /* PhotoCaptureDelegate.swift */; };
		89D009631E1AE488007E0627 /* GoogleService-Info.plist in Resources */ = {isa = PBXBuildFile; fileRef = 89D009621E1AE488007E0627 /* GoogleService-Info.plist */; };
		89D009651E1AE5D7007E0627 /* RoundedButton.swift in Sources */ = {isa = PBXBuildFile; fileRef = 89D009641E1AE5D7007E0627 /* RoundedButton.swift */; };
		89D009671E1AFA40007E0627 /* LoginVC.swift in Sources */ = {isa = PBXBuildFile; fileRef = 89D009661E1AFA40007E0627 /* LoginVC.swift */; };
		89D0096A1E1B06CE007E0627 /* AuthService.swift in Sources */ = {isa = PBXBuildFile; fileRef = 89D009691E1B06CE007E0627 /* AuthService.swift */; };
		89D0096C1E1B4342007E0627 /* DataService.swift in Sources */ = {isa = PBXBuildFile; fileRef = 89D0096B1E1B4342007E0627 /* DataService.swift */; };
		E6E4BE261A3A30C29083FA6E /* Pods_DevChat2UITests.framework in Frameworks */ = {isa = PBXBuildFile; fileRef = 105EC45E153050280CB0D37E /* Pods_DevChat2UITests.framework */; };
/* End PBXBuildFile section */

/* Begin PBXContainerItemProxy section */
		89D009371E1AD716007E0627 /* PBXContainerItemProxy */ = {
			isa = PBXContainerItemProxy;
			containerPortal = 89D0091A1E1AD716007E0627 /* Project object */;
			proxyType = 1;
			remoteGlobalIDString = 89D009211E1AD716007E0627;
			remoteInfo = DevChat2;
		};
		89D009421E1AD716007E0627 /* PBXContainerItemProxy */ = {
			isa = PBXContainerItemProxy;
			containerPortal = 89D0091A1E1AD716007E0627 /* Project object */;
			proxyType = 1;
			remoteGlobalIDString = 89D009211E1AD716007E0627;
			remoteInfo = DevChat2;
		};
/* End PBXContainerItemProxy section */

/* Begin PBXFileReference section */
		105EC45E153050280CB0D37E /* Pods_DevChat2UITests.framework */ = {isa = PBXFileReference; explicitFileType = wrapper.framework; includeInIndex = 0; path = Pods_DevChat2UITests.framework; sourceTree = BUILT_PRODUCTS_DIR; };
		2760C1C76CA10DC0729096FC /* Pods-DevChat2UITests.debug.xcconfig */ = {isa = PBXFileReference; includeInIndex = 1; lastKnownFileType = text.xcconfig; name = "Pods-DevChat2UITests.debug.xcconfig"; path = "Pods/Target Support Files/Pods-DevChat2UITests/Pods-DevChat2UITests.debug.xcconfig"; sourceTree = "<group>"; };
		4EA755109DDAE2BF9534ACE2 /* Pods_DevChat2Tests.framework */ = {isa = PBXFileReference; explicitFileType = wrapper.framework; includeInIndex = 0; path = Pods_DevChat2Tests.framework; sourceTree = BUILT_PRODUCTS_DIR; };
		7BEFA2470DEF93E8ABD013BE /* Pods-DevChat2Tests.debug.xcconfig */ = {isa = PBXFileReference; includeInIndex = 1; lastKnownFileType = text.xcconfig; name = "Pods-DevChat2Tests.debug.xcconfig"; path = "Pods/Target Support Files/Pods-DevChat2Tests/Pods-DevChat2Tests.debug.xcconfig"; sourceTree = "<group>"; };
		89D009221E1AD716007E0627 /* DevChat2.app */ = {isa = PBXFileReference; explicitFileType = wrapper.application; includeInIndex = 0; path = DevChat2.app; sourceTree = BUILT_PRODUCTS_DIR; };
		89D009251E1AD716007E0627 /* AppDelegate.swift */ = {isa = PBXFileReference; lastKnownFileType = sourcecode.swift; path = AppDelegate.swift; sourceTree = "<group>"; };
		89D009271E1AD716007E0627 /* ViewController.swift */ = {isa = PBXFileReference; lastKnownFileType = sourcecode.swift; path = ViewController.swift; sourceTree = "<group>"; };
		89D0092A1E1AD716007E0627 /* Base */ = {isa = PBXFileReference; lastKnownFileType = file.storyboard; name = Base; path = Base.lproj/Main.storyboard; sourceTree = "<group>"; };
		89D0092C1E1AD716007E0627 /* Assets.xcassets */ = {isa = PBXFileReference; lastKnownFileType = folder.assetcatalog; path = Assets.xcassets; sourceTree = "<group>"; };
		89D0092F1E1AD716007E0627 /* Base */ = {isa = PBXFileReference; lastKnownFileType = file.storyboard; name = Base; path = Base.lproj/LaunchScreen.storyboard; sourceTree = "<group>"; };
		89D009311E1AD716007E0627 /* Info.plist */ = {isa = PBXFileReference; lastKnownFileType = text.plist.xml; path = Info.plist; sourceTree = "<group>"; };
		89D009361E1AD716007E0627 /* DevChat2Tests.xctest */ = {isa = PBXFileReference; explicitFileType = wrapper.cfbundle; includeInIndex = 0; path = DevChat2Tests.xctest; sourceTree = BUILT_PRODUCTS_DIR; };
		89D0093A1E1AD716007E0627 /* DevChat2Tests.swift */ = {isa = PBXFileReference; lastKnownFileType = sourcecode.swift; path = DevChat2Tests.swift; sourceTree = "<group>"; };
		89D0093C1E1AD716007E0627 /* Info.plist */ = {isa = PBXFileReference; lastKnownFileType = text.plist.xml; path = Info.plist; sourceTree = "<group>"; };
		89D009411E1AD716007E0627 /* DevChat2UITests.xctest */ = {isa = PBXFileReference; explicitFileType = wrapper.cfbundle; includeInIndex = 0; path = DevChat2UITests.xctest; sourceTree = BUILT_PRODUCTS_DIR; };
		89D009451E1AD716007E0627 /* DevChat2UITests.swift */ = {isa = PBXFileReference; lastKnownFileType = sourcecode.swift; path = DevChat2UITests.swift; sourceTree = "<group>"; };
		89D009471E1AD716007E0627 /* Info.plist */ = {isa = PBXFileReference; lastKnownFileType = text.plist.xml; path = Info.plist; sourceTree = "<group>"; };
		89D009561E1AD75B007E0627 /* CameraVCDelegate.swift */ = {isa = PBXFileReference; fileEncoding = 4; lastKnownFileType = sourcecode.swift; path = CameraVCDelegate.swift; sourceTree = "<group>"; };
		89D009581E1AD76E007E0627 /* CameraVC.swift */ = {isa = PBXFileReference; fileEncoding = 4; lastKnownFileType = sourcecode.swift; path = CameraVC.swift; sourceTree = "<group>"; };
		89D0095A1E1AD782007E0627 /* CameraViewController.swift */ = {isa = PBXFileReference; fileEncoding = 4; lastKnownFileType = sourcecode.swift; path = CameraViewController.swift; sourceTree = "<group>"; };
		89D0095C1E1AD7A0007E0627 /* PreviewView.swift */ = {isa = PBXFileReference; fileEncoding = 4; lastKnownFileType = sourcecode.swift; path = PreviewView.swift; sourceTree = "<group>"; };
		89D0095E1E1AD7AF007E0627 /* RoundTextField.swift */ = {isa = PBXFileReference; fileEncoding = 4; lastKnownFileType = sourcecode.swift; path = RoundTextField.swift; sourceTree = "<group>"; };
		89D009601E1AD86A007E0627 /* PhotoCaptureDelegate.swift */ = {isa = PBXFileReference; fileEncoding = 4; lastKnownFileType = sourcecode.swift; name = PhotoCaptureDelegate.swift; path = ../../DevChat/DevChat/PhotoCaptureDelegate.swift; sourceTree = "<group>"; };
		89D009621E1AE488007E0627 /* GoogleService-Info.plist */ = {isa = PBXFileReference; fileEncoding = 4; lastKnownFileType = text.plist.xml; path = "GoogleService-Info.plist"; sourceTree = "<group>"; };
		89D009641E1AE5D7007E0627 /* RoundedButton.swift */ = {isa = PBXFileReference; fileEncoding = 4; lastKnownFileType = sourcecode.swift; path = RoundedButton.swift; sourceTree = "<group>"; };
		89D009661E1AFA40007E0627 /* LoginVC.swift */ = {isa = PBXFileReference; fileEncoding = 4; lastKnownFileType = sourcecode.swift; path = LoginVC.swift; sourceTree = "<group>"; };
		89D009691E1B06CE007E0627 /* AuthService.swift */ = {isa = PBXFileReference; fileEncoding = 4; lastKnownFileType = sourcecode.swift; path = AuthService.swift; sourceTree = "<group>"; };
		89D0096B1E1B4342007E0627 /* DataService.swift */ = {isa = PBXFileReference; fileEncoding = 4; lastKnownFileType = sourcecode.swift; path = DataService.swift; sourceTree = "<group>"; };
		957A120828A61F3060D06C13 /* Pods-DevChat2.release.xcconfig */ = {isa = PBXFileReference; includeInIndex = 1; lastKnownFileType = text.xcconfig; name = "Pods-DevChat2.release.xcconfig"; path = "Pods/Target Support Files/Pods-DevChat2/Pods-DevChat2.release.xcconfig"; sourceTree = "<group>"; };
		9AF34EF0934264C4E7755645 /* Pods-DevChat2.debug.xcconfig */ = {isa = PBXFileReference; includeInIndex = 1; lastKnownFileType = text.xcconfig; name = "Pods-DevChat2.debug.xcconfig"; path = "Pods/Target Support Files/Pods-DevChat2/Pods-DevChat2.debug.xcconfig"; sourceTree = "<group>"; };
		A7B0C358733775622C676E7E /* Pods_DevChat2.framework */ = {isa = PBXFileReference; explicitFileType = wrapper.framework; includeInIndex = 0; path = Pods_DevChat2.framework; sourceTree = BUILT_PRODUCTS_DIR; };
		C279E4AA9F8F9B94D62D8679 /* Pods-DevChat2Tests.release.xcconfig */ = {isa = PBXFileReference; includeInIndex = 1; lastKnownFileType = text.xcconfig; name = "Pods-DevChat2Tests.release.xcconfig"; path = "Pods/Target Support Files/Pods-DevChat2Tests/Pods-DevChat2Tests.release.xcconfig"; sourceTree = "<group>"; };
		DE7865EBDE795E1D6ABF6890 /* Pods-DevChat2UITests.release.xcconfig */ = {isa = PBXFileReference; includeInIndex = 1; lastKnownFileType = text.xcconfig; name = "Pods-DevChat2UITests.release.xcconfig"; path = "Pods/Target Support Files/Pods-DevChat2UITests/Pods-DevChat2UITests.release.xcconfig"; sourceTree = "<group>"; };
/* End PBXFileReference section */

/* Begin PBXFrameworksBuildPhase section */
		89D0091F1E1AD716007E0627 /* Frameworks */ = {
			isa = PBXFrameworksBuildPhase;
			buildActionMask = 2147483647;
			files = (
				4780A5D3D9D5E1718775E24B /* Pods_DevChat2.framework in Frameworks */,
			);
			runOnlyForDeploymentPostprocessing = 0;
		};
		89D009331E1AD716007E0627 /* Frameworks */ = {
			isa = PBXFrameworksBuildPhase;
			buildActionMask = 2147483647;
			files = (
				18881AA570581469762D5F15 /* Pods_DevChat2Tests.framework in Frameworks */,
			);
			runOnlyForDeploymentPostprocessing = 0;
		};
		89D0093E1E1AD716007E0627 /* Frameworks */ = {
			isa = PBXFrameworksBuildPhase;
			buildActionMask = 2147483647;
			files = (
				E6E4BE261A3A30C29083FA6E /* Pods_DevChat2UITests.framework in Frameworks */,
			);
			runOnlyForDeploymentPostprocessing = 0;
		};
/* End PBXFrameworksBuildPhase section */

/* Begin PBXGroup section */
		30772B461A0C19878EA310FF /* Pods */ = {
			isa = PBXGroup;
			children = (
				9AF34EF0934264C4E7755645 /* Pods-DevChat2.debug.xcconfig */,
				957A120828A61F3060D06C13 /* Pods-DevChat2.release.xcconfig */,
				7BEFA2470DEF93E8ABD013BE /* Pods-DevChat2Tests.debug.xcconfig */,
				C279E4AA9F8F9B94D62D8679 /* Pods-DevChat2Tests.release.xcconfig */,
				2760C1C76CA10DC0729096FC /* Pods-DevChat2UITests.debug.xcconfig */,
				DE7865EBDE795E1D6ABF6890 /* Pods-DevChat2UITests.release.xcconfig */,
			);
			name = Pods;
			sourceTree = "<group>";
		};
		89D009191E1AD716007E0627 = {
			isa = PBXGroup;
			children = (
				89D009241E1AD716007E0627 /* DevChat2 */,
				89D009391E1AD716007E0627 /* DevChat2Tests */,
				89D009441E1AD716007E0627 /* DevChat2UITests */,
				89D009231E1AD716007E0627 /* Products */,
				30772B461A0C19878EA310FF /* Pods */,
				A072AE29D34C19A83BB93B92 /* Frameworks */,
			);
			sourceTree = "<group>";
		};
		89D009231E1AD716007E0627 /* Products */ = {
			isa = PBXGroup;
			children = (
				89D009221E1AD716007E0627 /* DevChat2.app */,
				89D009361E1AD716007E0627 /* DevChat2Tests.xctest */,
				89D009411E1AD716007E0627 /* DevChat2UITests.xctest */,
			);
			name = Products;
			sourceTree = "<group>";
		};
		89D009241E1AD716007E0627 /* DevChat2 */ = {
			isa = PBXGroup;
			children = (
				89D009681E1B0694007E0627 /* Services */,
				89D009551E1AD73A007E0627 /* View */,
				89D009541E1AD732007E0627 /* Controller */,
				89D009531E1AD72B007E0627 /* Protocols */,
				89D009251E1AD716007E0627 /* AppDelegate.swift */,
				89D009601E1AD86A007E0627 /* PhotoCaptureDelegate.swift */,
				89D009271E1AD716007E0627 /* ViewController.swift */,
				89D009291E1AD716007E0627 /* Main.storyboard */,
				89D0092C1E1AD716007E0627 /* Assets.xcassets */,
				89D0092E1E1AD716007E0627 /* LaunchScreen.storyboard */,
				89D009621E1AE488007E0627 /* GoogleService-Info.plist */,
				89D009311E1AD716007E0627 /* Info.plist */,
			);
			path = DevChat2;
			sourceTree = "<group>";
		};
		89D009391E1AD716007E0627 /* DevChat2Tests */ = {
			isa = PBXGroup;
			children = (
				89D0093A1E1AD716007E0627 /* DevChat2Tests.swift */,
				89D0093C1E1AD716007E0627 /* Info.plist */,
			);
			path = DevChat2Tests;
			sourceTree = "<group>";
		};
		89D009441E1AD716007E0627 /* DevChat2UITests */ = {
			isa = PBXGroup;
			children = (
				89D009451E1AD716007E0627 /* DevChat2UITests.swift */,
				89D009471E1AD716007E0627 /* Info.plist */,
			);
			path = DevChat2UITests;
			sourceTree = "<group>";
		};
		89D009531E1AD72B007E0627 /* Protocols */ = {
			isa = PBXGroup;
			children = (
				89D009561E1AD75B007E0627 /* CameraVCDelegate.swift */,
			);
			name = Protocols;
			sourceTree = "<group>";
		};
		89D009541E1AD732007E0627 /* Controller */ = {
			isa = PBXGroup;
			children = (
				89D009581E1AD76E007E0627 /* CameraVC.swift */,
				89D0095A1E1AD782007E0627 /* CameraViewController.swift */,
				89D009661E1AFA40007E0627 /* LoginVC.swift */,
			);
			name = Controller;
			sourceTree = "<group>";
		};
		89D009551E1AD73A007E0627 /* View */ = {
			isa = PBXGroup;
			children = (
				89D0095C1E1AD7A0007E0627 /* PreviewView.swift */,
				89D0095E1E1AD7AF007E0627 /* RoundTextField.swift */,
				89D009641E1AE5D7007E0627 /* RoundedButton.swift */,
			);
			name = View;
			sourceTree = "<group>";
		};
		89D009681E1B0694007E0627 /* Services */ = {
			isa = PBXGroup;
			children = (
				89D009691E1B06CE007E0627 /* AuthService.swift */,
				89D0096B1E1B4342007E0627 /* DataService.swift */,
			);
			name = Services;
			sourceTree = "<group>";
		};
		A072AE29D34C19A83BB93B92 /* Frameworks */ = {
			isa = PBXGroup;
			children = (
				A7B0C358733775622C676E7E /* Pods_DevChat2.framework */,
				4EA755109DDAE2BF9534ACE2 /* Pods_DevChat2Tests.framework */,
				105EC45E153050280CB0D37E /* Pods_DevChat2UITests.framework */,
			);
			name = Frameworks;
			sourceTree = "<group>";
		};
/* End PBXGroup section */

/* Begin PBXNativeTarget section */
		89D009211E1AD716007E0627 /* DevChat2 */ = {
			isa = PBXNativeTarget;
			buildConfigurationList = 89D0094A1E1AD716007E0627 /* Build configuration list for PBXNativeTarget "DevChat2" */;
			buildPhases = (
				5CF61BD9030D6B9CF6E532B6 /* [CP] Check Pods Manifest.lock */,
				89D0091E1E1AD716007E0627 /* Sources */,
				89D0091F1E1AD716007E0627 /* Frameworks */,
				89D009201E1AD716007E0627 /* Resources */,
				AD73B661DBEA42C67D47C567 /* [CP] Embed Pods Frameworks */,
				48F27118A461B2C7033D06A0 /* [CP] Copy Pods Resources */,
			);
			buildRules = (
			);
			dependencies = (
			);
			name = DevChat2;
			productName = DevChat2;
			productReference = 89D009221E1AD716007E0627 /* DevChat2.app */;
			productType = "com.apple.product-type.application";
		};
		89D009351E1AD716007E0627 /* DevChat2Tests */ = {
			isa = PBXNativeTarget;
			buildConfigurationList = 89D0094D1E1AD716007E0627 /* Build configuration list for PBXNativeTarget "DevChat2Tests" */;
			buildPhases = (
				4196DD93C067DC68BDF228C1 /* [CP] Check Pods Manifest.lock */,
				89D009321E1AD716007E0627 /* Sources */,
				89D009331E1AD716007E0627 /* Frameworks */,
				89D009341E1AD716007E0627 /* Resources */,
				11641153E5390C48B1374533 /* [CP] Embed Pods Frameworks */,
				2443A3954C72C913BB11F142 /* [CP] Copy Pods Resources */,
			);
			buildRules = (
			);
			dependencies = (
				89D009381E1AD716007E0627 /* PBXTargetDependency */,
			);
			name = DevChat2Tests;
			productName = DevChat2Tests;
			productReference = 89D009361E1AD716007E0627 /* DevChat2Tests.xctest */;
			productType = "com.apple.product-type.bundle.unit-test";
		};
		89D009401E1AD716007E0627 /* DevChat2UITests */ = {
			isa = PBXNativeTarget;
			buildConfigurationList = 89D009501E1AD716007E0627 /* Build configuration list for PBXNativeTarget "DevChat2UITests" */;
			buildPhases = (
				5D525D88213716F02D6E5219 /* [CP] Check Pods Manifest.lock */,
				89D0093D1E1AD716007E0627 /* Sources */,
				89D0093E1E1AD716007E0627 /* Frameworks */,
				89D0093F1E1AD716007E0627 /* Resources */,
				42C182CA168E731BA77C41D5 /* [CP] Embed Pods Frameworks */,
				2450E618148C8A952CC74A55 /* [CP] Copy Pods Resources */,
			);
			buildRules = (
			);
			dependencies = (
				89D009431E1AD716007E0627 /* PBXTargetDependency */,
			);
			name = DevChat2UITests;
			productName = DevChat2UITests;
			productReference = 89D009411E1AD716007E0627 /* DevChat2UITests.xctest */;
			productType = "com.apple.product-type.bundle.ui-testing";
		};
/* End PBXNativeTarget section */

/* Begin PBXProject section */
		89D0091A1E1AD716007E0627 /* Project object */ = {
			isa = PBXProject;
			attributes = {
				LastSwiftUpdateCheck = 0820;
				LastUpgradeCheck = 0820;
				ORGANIZATIONNAME = "Thad Duval";
				TargetAttributes = {
					89D009211E1AD716007E0627 = {
						CreatedOnToolsVersion = 8.2.1;
						DevelopmentTeam = 4G772GYV39;
						ProvisioningStyle = Automatic;
					};
					89D009351E1AD716007E0627 = {
						CreatedOnToolsVersion = 8.2.1;
						ProvisioningStyle = Automatic;
						TestTargetID = 89D009211E1AD716007E0627;
					};
					89D009401E1AD716007E0627 = {
						CreatedOnToolsVersion = 8.2.1;
						ProvisioningStyle = Automatic;
						TestTargetID = 89D009211E1AD716007E0627;
					};
				};
			};
			buildConfigurationList = 89D0091D1E1AD716007E0627 /* Build configuration list for PBXProject "DevChat2" */;
			compatibilityVersion = "Xcode 3.2";
			developmentRegion = English;
			hasScannedForEncodings = 0;
			knownRegions = (
				en,
				Base,
			);
			mainGroup = 89D009191E1AD716007E0627;
			productRefGroup = 89D009231E1AD716007E0627 /* Products */;
			projectDirPath = "";
			projectRoot = "";
			targets = (
				89D009211E1AD716007E0627 /* DevChat2 */,
				89D009351E1AD716007E0627 /* DevChat2Tests */,
				89D009401E1AD716007E0627 /* DevChat2UITests */,
			);
		};
/* End PBXProject section */

/* Begin PBXResourcesBuildPhase section */
		89D009201E1AD716007E0627 /* Resources */ = {
			isa = PBXResourcesBuildPhase;
			buildActionMask = 2147483647;
			files = (
				89D009301E1AD716007E0627 /* LaunchScreen.storyboard in Resources */,
				89D009631E1AE488007E0627 /* GoogleService-Info.plist in Resources */,
				89D0092D1E1AD716007E0627 /* Assets.xcassets in Resources */,
				89D0092B1E1AD716007E0627 /* Main.storyboard in Resources */,
			);
			runOnlyForDeploymentPostprocessing = 0;
		};
		89D009341E1AD716007E0627 /* Resources */ = {
			isa = PBXResourcesBuildPhase;
			buildActionMask = 2147483647;
			files = (
			);
			runOnlyForDeploymentPostprocessing = 0;
		};
		89D0093F1E1AD716007E0627 /* Resources */ = {
			isa = PBXResourcesBuildPhase;
			buildActionMask = 2147483647;
			files = (
			);
			runOnlyForDeploymentPostprocessing = 0;
		};
/* End PBXResourcesBuildPhase section */

/* Begin PBXShellScriptBuildPhase section */
		11641153E5390C48B1374533 /* [CP] Embed Pods Frameworks */ = {
			isa = PBXShellScriptBuildPhase;
			buildActionMask = 2147483647;
			files = (
			);
			inputPaths = (
			);
			name = "[CP] Embed Pods Frameworks";
			outputPaths = (
			);
			runOnlyForDeploymentPostprocessing = 0;
			shellPath = /bin/sh;
			shellScript = "\"${SRCROOT}/Pods/Target Support Files/Pods-DevChat2Tests/Pods-DevChat2Tests-frameworks.sh\"\n";
			showEnvVarsInLog = 0;
		};
		2443A3954C72C913BB11F142 /* [CP] Copy Pods Resources */ = {
			isa = PBXShellScriptBuildPhase;
			buildActionMask = 2147483647;
			files = (
			);
			inputPaths = (
			);
			name = "[CP] Copy Pods Resources";
			outputPaths = (
			);
			runOnlyForDeploymentPostprocessing = 0;
			shellPath = /bin/sh;
			shellScript = "\"${SRCROOT}/Pods/Target Support Files/Pods-DevChat2Tests/Pods-DevChat2Tests-resources.sh\"\n";
			showEnvVarsInLog = 0;
		};
		2450E618148C8A952CC74A55 /* [CP] Copy Pods Resources */ = {
			isa = PBXShellScriptBuildPhase;
			buildActionMask = 2147483647;
			files = (
			);
			inputPaths = (
			);
			name = "[CP] Copy Pods Resources";
			outputPaths = (
			);
			runOnlyForDeploymentPostprocessing = 0;
			shellPath = /bin/sh;
			shellScript = "\"${SRCROOT}/Pods/Target Support Files/Pods-DevChat2UITests/Pods-DevChat2UITests-resources.sh\"\n";
			showEnvVarsInLog = 0;
		};
		4196DD93C067DC68BDF228C1 /* [CP] Check Pods Manifest.lock */ = {
			isa = PBXShellScriptBuildPhase;
			buildActionMask = 2147483647;
			files = (
			);
			inputPaths = (
			);
			name = "[CP] Check Pods Manifest.lock";
			outputPaths = (
			);
			runOnlyForDeploymentPostprocessing = 0;
			shellPath = /bin/sh;
			shellScript = "diff \"${PODS_ROOT}/../Podfile.lock\" \"${PODS_ROOT}/Manifest.lock\" > /dev/null\nif [ $? != 0 ] ; then\n    # print error to STDERR\n    echo \"error: The sandbox is not in sync with the Podfile.lock. Run 'pod install' or update your CocoaPods installation.\" >&2\n    exit 1\nfi\n";
			showEnvVarsInLog = 0;
		};
		42C182CA168E731BA77C41D5 /* [CP] Embed Pods Frameworks */ = {
			isa = PBXShellScriptBuildPhase;
			buildActionMask = 2147483647;
			files = (
			);
			inputPaths = (
			);
			name = "[CP] Embed Pods Frameworks";
			outputPaths = (
			);
			runOnlyForDeploymentPostprocessing = 0;
			shellPath = /bin/sh;
			shellScript = "\"${SRCROOT}/Pods/Target Support Files/Pods-DevChat2UITests/Pods-DevChat2UITests-frameworks.sh\"\n";
			showEnvVarsInLog = 0;
		};
		48F27118A461B2C7033D06A0 /* [CP] Copy Pods Resources */ = {
			isa = PBXShellScriptBuildPhase;
			buildActionMask = 2147483647;
			files = (
			);
			inputPaths = (
			);
			name = "[CP] Copy Pods Resources";
			outputPaths = (
			);
			runOnlyForDeploymentPostprocessing = 0;
			shellPath = /bin/sh;
			shellScript = "\"${SRCROOT}/Pods/Target Support Files/Pods-DevChat2/Pods-DevChat2-resources.sh\"\n";
			showEnvVarsInLog = 0;
		};
		5CF61BD9030D6B9CF6E532B6 /* [CP] Check Pods Manifest.lock */ = {
			isa = PBXShellScriptBuildPhase;
			buildActionMask = 2147483647;
			files = (
			);
			inputPaths = (
			);
			name = "[CP] Check Pods Manifest.lock";
			outputPaths = (
			);
			runOnlyForDeploymentPostprocessing = 0;
			shellPath = /bin/sh;
			shellScript = "diff \"${PODS_ROOT}/../Podfile.lock\" \"${PODS_ROOT}/Manifest.lock\" > /dev/null\nif [ $? != 0 ] ; then\n    # print error to STDERR\n    echo \"error: The sandbox is not in sync with the Podfile.lock. Run 'pod install' or update your CocoaPods installation.\" >&2\n    exit 1\nfi\n";
			showEnvVarsInLog = 0;
		};
		5D525D88213716F02D6E5219 /* [CP] Check Pods Manifest.lock */ = {
			isa = PBXShellScriptBuildPhase;
			buildActionMask = 2147483647;
			files = (
			);
			inputPaths = (
			);
			name = "[CP] Check Pods Manifest.lock";
			outputPaths = (
			);
			runOnlyForDeploymentPostprocessing = 0;
			shellPath = /bin/sh;
			shellScript = "diff \"${PODS_ROOT}/../Podfile.lock\" \"${PODS_ROOT}/Manifest.lock\" > /dev/null\nif [ $? != 0 ] ; then\n    # print error to STDERR\n    echo \"error: The sandbox is not in sync with the Podfile.lock. Run 'pod install' or update your CocoaPods installation.\" >&2\n    exit 1\nfi\n";
			showEnvVarsInLog = 0;
		};
		AD73B661DBEA42C67D47C567 /* [CP] Embed Pods Frameworks */ = {
			isa = PBXShellScriptBuildPhase;
			buildActionMask = 2147483647;
			files = (
			);
			inputPaths = (
			);
			name = "[CP] Embed Pods Frameworks";
			outputPaths = (
			);
			runOnlyForDeploymentPostprocessing = 0;
			shellPath = /bin/sh;
			shellScript = "\"${SRCROOT}/Pods/Target Support Files/Pods-DevChat2/Pods-DevChat2-frameworks.sh\"\n";
			showEnvVarsInLog = 0;
		};
/* End PBXShellScriptBuildPhase section */

/* Begin PBXSourcesBuildPhase section */
		89D0091E1E1AD716007E0627 /* Sources */ = {
			isa = PBXSourcesBuildPhase;
			buildActionMask = 2147483647;
			files = (
				89D009281E1AD716007E0627 /* ViewController.swift in Sources */,
				89D0095B1E1AD782007E0627 /* CameraViewController.swift in Sources */,
				89D009571E1AD75B007E0627 /* CameraVCDelegate.swift in Sources */,
				89D0096C1E1B4342007E0627 /* DataService.swift in Sources */,
				89D0095F1E1AD7AF007E0627 /* RoundTextField.swift in Sources */,
				89D009671E1AFA40007E0627 /* LoginVC.swift in Sources */,
				89D0096A1E1B06CE007E0627 /* AuthService.swift in Sources */,
				89D009651E1AE5D7007E0627 /* RoundedButton.swift in Sources */,
				89D009261E1AD716007E0627 /* AppDelegate.swift in Sources */,
				89D009591E1AD76E007E0627 /* CameraVC.swift in Sources */,
				89D009611E1AD86A007E0627 /* PhotoCaptureDelegate.swift in Sources */,
				89D0095D1E1AD7A0007E0627 /* PreviewView.swift in Sources */,
			);
			runOnlyForDeploymentPostprocessing = 0;
		};
		89D009321E1AD716007E0627 /* Sources */ = {
			isa = PBXSourcesBuildPhase;
			buildActionMask = 2147483647;
			files = (
				89D0093B1E1AD716007E0627 /* DevChat2Tests.swift in Sources */,
			);
			runOnlyForDeploymentPostprocessing = 0;
		};
		89D0093D1E1AD716007E0627 /* Sources */ = {
			isa = PBXSourcesBuildPhase;
			buildActionMask = 2147483647;
			files = (
				89D009461E1AD716007E0627 /* DevChat2UITests.swift in Sources */,
			);
			runOnlyForDeploymentPostprocessing = 0;
		};
/* End PBXSourcesBuildPhase section */

/* Begin PBXTargetDependency section */
		89D009381E1AD716007E0627 /* PBXTargetDependency */ = {
			isa = PBXTargetDependency;
			target = 89D009211E1AD716007E0627 /* DevChat2 */;
			targetProxy = 89D009371E1AD716007E0627 /* PBXContainerItemProxy */;
		};
		89D009431E1AD716007E0627 /* PBXTargetDependency */ = {
			isa = PBXTargetDependency;
			target = 89D009211E1AD716007E0627 /* DevChat2 */;
			targetProxy = 89D009421E1AD716007E0627 /* PBXContainerItemProxy */;
		};
/* End PBXTargetDependency section */

/* Begin PBXVariantGroup section */
		89D009291E1AD716007E0627 /* Main.storyboard */ = {
			isa = PBXVariantGroup;
			children = (
				89D0092A1E1AD716007E0627 /* Base */,
			);
			name = Main.storyboard;
			sourceTree = "<group>";
		};
		89D0092E1E1AD716007E0627 /* LaunchScreen.storyboard */ = {
			isa = PBXVariantGroup;
			children = (
				89D0092F1E1AD716007E0627 /* Base */,
			);
			name = LaunchScreen.storyboard;
			sourceTree = "<group>";
		};
/* End PBXVariantGroup section */

/* Begin XCBuildConfiguration section */
		89D009481E1AD716007E0627 /* Debug */ = {
			isa = XCBuildConfiguration;
			buildSettings = {
				ALWAYS_SEARCH_USER_PATHS = NO;
				CLANG_ANALYZER_NONNULL = YES;
				CLANG_CXX_LANGUAGE_STANDARD = "gnu++0x";
				CLANG_CXX_LIBRARY = "libc++";
				CLANG_ENABLE_MODULES = YES;
				CLANG_ENABLE_OBJC_ARC = YES;
				CLANG_WARN_BOOL_CONVERSION = YES;
				CLANG_WARN_CONSTANT_CONVERSION = YES;
				CLANG_WARN_DIRECT_OBJC_ISA_USAGE = YES_ERROR;
				CLANG_WARN_DOCUMENTATION_COMMENTS = YES;
				CLANG_WARN_EMPTY_BODY = YES;
				CLANG_WARN_ENUM_CONVERSION = YES;
				CLANG_WARN_INFINITE_RECURSION = YES;
				CLANG_WARN_INT_CONVERSION = YES;
				CLANG_WARN_OBJC_ROOT_CLASS = YES_ERROR;
				CLANG_WARN_SUSPICIOUS_MOVE = YES;
				CLANG_WARN_UNREACHABLE_CODE = YES;
				CLANG_WARN__DUPLICATE_METHOD_MATCH = YES;
				"CODE_SIGN_IDENTITY[sdk=iphoneos*]" = "iPhone Developer";
				COPY_PHASE_STRIP = NO;
				DEBUG_INFORMATION_FORMAT = dwarf;
				ENABLE_STRICT_OBJC_MSGSEND = YES;
				ENABLE_TESTABILITY = YES;
				GCC_C_LANGUAGE_STANDARD = gnu99;
				GCC_DYNAMIC_NO_PIC = NO;
				GCC_NO_COMMON_BLOCKS = YES;
				GCC_OPTIMIZATION_LEVEL = 0;
				GCC_PREPROCESSOR_DEFINITIONS = (
					"DEBUG=1",
					"$(inherited)",
				);
				GCC_WARN_64_TO_32_BIT_CONVERSION = YES;
				GCC_WARN_ABOUT_RETURN_TYPE = YES_ERROR;
				GCC_WARN_UNDECLARED_SELECTOR = YES;
				GCC_WARN_UNINITIALIZED_AUTOS = YES_AGGRESSIVE;
				GCC_WARN_UNUSED_FUNCTION = YES;
				GCC_WARN_UNUSED_VARIABLE = YES;
				IPHONEOS_DEPLOYMENT_TARGET = 10.2;
				MTL_ENABLE_DEBUG_INFO = YES;
				ONLY_ACTIVE_ARCH = YES;
				SDKROOT = iphoneos;
				SWIFT_ACTIVE_COMPILATION_CONDITIONS = DEBUG;
				SWIFT_OPTIMIZATION_LEVEL = "-Onone";
				TARGETED_DEVICE_FAMILY = "1,2";
			};
			name = Debug;
		};
		89D009491E1AD716007E0627 /* Release */ = {
			isa = XCBuildConfiguration;
			buildSettings = {
				ALWAYS_SEARCH_USER_PATHS = NO;
				CLANG_ANALYZER_NONNULL = YES;
				CLANG_CXX_LANGUAGE_STANDARD = "gnu++0x";
				CLANG_CXX_LIBRARY = "libc++";
				CLANG_ENABLE_MODULES = YES;
				CLANG_ENABLE_OBJC_ARC = YES;
				CLANG_WARN_BOOL_CONVERSION = YES;
				CLANG_WARN_CONSTANT_CONVERSION = YES;
				CLANG_WARN_DIRECT_OBJC_ISA_USAGE = YES_ERROR;
				CLANG_WARN_DOCUMENTATION_COMMENTS = YES;
				CLANG_WARN_EMPTY_BODY = YES;
				CLANG_WARN_ENUM_CONVERSION = YES;
				CLANG_WARN_INFINITE_RECURSION = YES;
				CLANG_WARN_INT_CONVERSION = YES;
				CLANG_WARN_OBJC_ROOT_CLASS = YES_ERROR;
				CLANG_WARN_SUSPICIOUS_MOVE = YES;
				CLANG_WARN_UNREACHABLE_CODE = YES;
				CLANG_WARN__DUPLICATE_METHOD_MATCH = YES;
				"CODE_SIGN_IDENTITY[sdk=iphoneos*]" = "iPhone Developer";
				COPY_PHASE_STRIP = NO;
				DEBUG_INFORMATION_FORMAT = "dwarf-with-dsym";
				ENABLE_NS_ASSERTIONS = NO;
				ENABLE_STRICT_OBJC_MSGSEND = YES;
				GCC_C_LANGUAGE_STANDARD = gnu99;
				GCC_NO_COMMON_BLOCKS = YES;
				GCC_WARN_64_TO_32_BIT_CONVERSION = YES;
				GCC_WARN_ABOUT_RETURN_TYPE = YES_ERROR;
				GCC_WARN_UNDECLARED_SELECTOR = YES;
				GCC_WARN_UNINITIALIZED_AUTOS = YES_AGGRESSIVE;
				GCC_WARN_UNUSED_FUNCTION = YES;
				GCC_WARN_UNUSED_VARIABLE = YES;
				IPHONEOS_DEPLOYMENT_TARGET = 10.2;
				MTL_ENABLE_DEBUG_INFO = NO;
				SDKROOT = iphoneos;
				SWIFT_OPTIMIZATION_LEVEL = "-Owholemodule";
				TARGETED_DEVICE_FAMILY = "1,2";
				VALIDATE_PRODUCT = YES;
			};
			name = Release;
		};
		89D0094B1E1AD716007E0627 /* Debug */ = {
			isa = XCBuildConfiguration;
			baseConfigurationReference = 9AF34EF0934264C4E7755645 /* Pods-DevChat2.debug.xcconfig */;
			buildSettings = {
				ASSETCATALOG_COMPILER_APPICON_NAME = AppIcon;
				DEVELOPMENT_TEAM = 4G772GYV39;
				INFOPLIST_FILE = DevChat2/Info.plist;
				LD_RUNPATH_SEARCH_PATHS = "$(inherited) @executable_path/Frameworks";
				PRODUCT_BUNDLE_IDENTIFIER = com.witherberry.DevChat;
				PRODUCT_NAME = "$(TARGET_NAME)";
				SWIFT_VERSION = 3.0;
			};
			name = Debug;
		};
		89D0094C1E1AD716007E0627 /* Release */ = {
			isa = XCBuildConfiguration;
			baseConfigurationReference = 957A120828A61F3060D06C13 /* Pods-DevChat2.release.xcconfig */;
			buildSettings = {
				ASSETCATALOG_COMPILER_APPICON_NAME = AppIcon;
				DEVELOPMENT_TEAM = 4G772GYV39;
				INFOPLIST_FILE = DevChat2/Info.plist;
				LD_RUNPATH_SEARCH_PATHS = "$(inherited) @executable_path/Frameworks";
				PRODUCT_BUNDLE_IDENTIFIER = com.witherberry.DevChat;
				PRODUCT_NAME = "$(TARGET_NAME)";
				SWIFT_VERSION = 3.0;
			};
			name = Release;
		};
		89D0094E1E1AD716007E0627 /* Debug */ = {
			isa = XCBuildConfiguration;
			baseConfigurationReference = 7BEFA2470DEF93E8ABD013BE /* Pods-DevChat2Tests.debug.xcconfig */;
			buildSettings = {
				ALWAYS_EMBED_SWIFT_STANDARD_LIBRARIES = YES;
				BUNDLE_LOADER = "$(TEST_HOST)";
				INFOPLIST_FILE = DevChat2Tests/Info.plist;
				LD_RUNPATH_SEARCH_PATHS = "$(inherited) @executable_path/Frameworks @loader_path/Frameworks";
				PRODUCT_BUNDLE_IDENTIFIER = com.witherberry.DevChat2Tests;
				PRODUCT_NAME = "$(TARGET_NAME)";
				SWIFT_VERSION = 3.0;
				TEST_HOST = "$(BUILT_PRODUCTS_DIR)/DevChat2.app/DevChat2";
			};
			name = Debug;
		};
		89D0094F1E1AD716007E0627 /* Release */ = {
			isa = XCBuildConfiguration;
			baseConfigurationReference = C279E4AA9F8F9B94D62D8679 /* Pods-DevChat2Tests.release.xcconfig */;
			buildSettings = {
				ALWAYS_EMBED_SWIFT_STANDARD_LIBRARIES = YES;
				BUNDLE_LOADER = "$(TEST_HOST)";
				INFOPLIST_FILE = DevChat2Tests/Info.plist;
				LD_RUNPATH_SEARCH_PATHS = "$(inherited) @executable_path/Frameworks @loader_path/Frameworks";
				PRODUCT_BUNDLE_IDENTIFIER = com.witherberry.DevChat2Tests;
				PRODUCT_NAME = "$(TARGET_NAME)";
				SWIFT_VERSION = 3.0;
				TEST_HOST = "$(BUILT_PRODUCTS_DIR)/DevChat2.app/DevChat2";
			};
			name = Release;
		};
		89D009511E1AD716007E0627 /* Debug */ = {
			isa = XCBuildConfiguration;
			baseConfigurationReference = 2760C1C76CA10DC0729096FC /* Pods-DevChat2UITests.debug.xcconfig */;
			buildSettings = {
				ALWAYS_EMBED_SWIFT_STANDARD_LIBRARIES = YES;
				INFOPLIST_FILE = DevChat2UITests/Info.plist;
				LD_RUNPATH_SEARCH_PATHS = "$(inherited) @executable_path/Frameworks @loader_path/Frameworks";
				PRODUCT_BUNDLE_IDENTIFIER = com.witherberry.DevChat2UITests;
				PRODUCT_NAME = "$(TARGET_NAME)";
				SWIFT_VERSION = 3.0;
				TEST_TARGET_NAME = DevChat2;
			};
			name = Debug;
		};
		89D009521E1AD716007E0627 /* Release */ = {
			isa = XCBuildConfiguration;
			baseConfigurationReference = DE7865EBDE795E1D6ABF6890 /* Pods-DevChat2UITests.release.xcconfig */;
			buildSettings = {
				ALWAYS_EMBED_SWIFT_STANDARD_LIBRARIES = YES;
				INFOPLIST_FILE = DevChat2UITests/Info.plist;
				LD_RUNPATH_SEARCH_PATHS = "$(inherited) @executable_path/Frameworks @loader_path/Frameworks";
				PRODUCT_BUNDLE_IDENTIFIER = com.witherberry.DevChat2UITests;
				PRODUCT_NAME = "$(TARGET_NAME)";
				SWIFT_VERSION = 3.0;
				TEST_TARGET_NAME = DevChat2;
			};
			name = Release;
		};
/* End XCBuildConfiguration section */

/* Begin XCConfigurationList section */
		89D0091D1E1AD716007E0627 /* Build configuration list for PBXProject "DevChat2" */ = {
			isa = XCConfigurationList;
			buildConfigurations = (
				89D009481E1AD716007E0627 /* Debug */,
				89D009491E1AD716007E0627 /* Release */,
			);
			defaultConfigurationIsVisible = 0;
			defaultConfigurationName = Release;
		};
		89D0094A1E1AD716007E0627 /* Build configuration list for PBXNativeTarget "DevChat2" */ = {
			isa = XCConfigurationList;
			buildConfigurations = (
				89D0094B1E1AD716007E0627 /* Debug */,
				89D0094C1E1AD716007E0627 /* Release */,
			);
			defaultConfigurationIsVisible = 0;
			defaultConfigurationName = Release;
		};
		89D0094D1E1AD716007E0627 /* Build configuration list for PBXNativeTarget "DevChat2Tests" */ = {
			isa = XCConfigurationList;
			buildConfigurations = (
				89D0094E1E1AD716007E0627 /* Debug */,
				89D0094F1E1AD716007E0627 /* Release */,
			);
			defaultConfigurationIsVisible = 0;
			defaultConfigurationName = Release;
		};
		89D009501E1AD716007E0627 /* Build configuration list for PBXNativeTarget "DevChat2UITests" */ = {
			isa = XCConfigurationList;
			buildConfigurations = (
				89D009511E1AD716007E0627 /* Debug */,
				89D009521E1AD716007E0627 /* Release */,
			);
			defaultConfigurationIsVisible = 0;
			defaultConfigurationName = Release;
		};
/* End XCConfigurationList section */
	};
	rootObject = 89D0091A1E1AD716007E0627 /* Project object */;
}
